// !$*UTF8*$!
{
	archiveVersion = 1;
	classes = {
	};
	objectVersion = 46;
	objects = {

/* Begin PBXBuildFile section */
		927F7D2B1BCEF265004E4EA9 /* InfoPlist.strings in Resources */ = {isa = PBXBuildFile; fileRef = 927F7D2A1BCEF265004E4EA9 /* InfoPlist.strings */; };
		92B464A91BCEB47800DCB8B8 /* AppDelegate.swift in Sources */ = {isa = PBXBuildFile; fileRef = 92B464A81BCEB47800DCB8B8 /* AppDelegate.swift */; };
		92B464AB1BCEB47800DCB8B8 /* ViewController.swift in Sources */ = {isa = PBXBuildFile; fileRef = 92B464AA1BCEB47800DCB8B8 /* ViewController.swift */; };
		92B464AE1BCEB47800DCB8B8 /* Main.storyboard in Resources */ = {isa = PBXBuildFile; fileRef = 92B464AC1BCEB47800DCB8B8 /* Main.storyboard */; };
		92B464B01BCEB47800DCB8B8 /* Assets.xcassets in Resources */ = {isa = PBXBuildFile; fileRef = 92B464AF1BCEB47800DCB8B8 /* Assets.xcassets */; };
		92B464B31BCEB47800DCB8B8 /* LaunchScreen.storyboard in Resources */ = {isa = PBXBuildFile; fileRef = 92B464B11BCEB47800DCB8B8 /* LaunchScreen.storyboard */; };
/* End PBXBuildFile section */

/* Begin PBXFileReference section */
		927F7D2A1BCEF265004E4EA9 /* InfoPlist.strings */ = {isa = PBXFileReference; fileEncoding = 4; lastKnownFileType = text.plist.strings; path = InfoPlist.strings; sourceTree = "<group>"; };
		92B464A51BCEB47800DCB8B8 /* 3D-Touch-Quick-Actions.app */ = {isa = PBXFileReference; explicitFileType = wrapper.application; includeInIndex = 0; path = "3D-Touch-Quick-Actions.app"; sourceTree = BUILT_PRODUCTS_DIR; };
		92B464A81BCEB47800DCB8B8 /* AppDelegate.swift */ = {isa = PBXFileReference; lastKnownFileType = sourcecode.swift; path = AppDelegate.swift; sourceTree = "<group>"; };
		92B464AA1BCEB47800DCB8B8 /* ViewController.swift */ = {isa = PBXFileReference; lastKnownFileType = sourcecode.swift; path = ViewController.swift; sourceTree = "<group>"; };
		92B464AD1BCEB47800DCB8B8 /* Base */ = {isa = PBXFileReference; lastKnownFileType = file.storyboard; name = Base; path = Base.lproj/Main.storyboard; sourceTree = "<group>"; };
		92B464AF1BCEB47800DCB8B8 /* Assets.xcassets */ = {isa = PBXFileReference; lastKnownFileType = folder.assetcatalog; path = Assets.xcassets; sourceTree = "<group>"; };
		92B464B21BCEB47800DCB8B8 /* Base */ = {isa = PBXFileReference; lastKnownFileType = file.storyboard; name = Base; path = Base.lproj/LaunchScreen.storyboard; sourceTree = "<group>"; };
		92B464B41BCEB47800DCB8B8 /* Info.plist */ = {isa = PBXFileReference; lastKnownFileType = text.plist.xml; path = Info.plist; sourceTree = "<group>"; };
/* End PBXFileReference section */

/* Begin PBXFrameworksBuildPhase section */
		92B464A21BCEB47800DCB8B8 /* Frameworks */ = {
			isa = PBXFrameworksBuildPhase;
			buildActionMask = 2147483647;
			files = (
			);
			runOnlyForDeploymentPostprocessing = 0;
		};
/* End PBXFrameworksBuildPhase section */

/* Begin PBXGroup section */
		927F7D2C1BCEF545004E4EA9 /* Unrelated */ = {
			isa = PBXGroup;
			children = (
				92B464AF1BCEB47800DCB8B8 /* Assets.xcassets */,
				92B464B11BCEB47800DCB8B8 /* LaunchScreen.storyboard */,
			);
			name = Unrelated;
			sourceTree = "<group>";
		};
		92B4649C1BCEB47800DCB8B8 = {
			isa = PBXGroup;
			children = (
				92B464A71BCEB47800DCB8B8 /* 3D-Touch-Quick-Actions */,
				92B464A61BCEB47800DCB8B8 /* Products */,
			);
			sourceTree = "<group>";
		};
		92B464A61BCEB47800DCB8B8 /* Products */ = {
			isa = PBXGroup;
			children = (
				92B464A51BCEB47800DCB8B8 /* 3D-Touch-Quick-Actions.app */,
			);
			name = Products;
			sourceTree = "<group>";
		};
		92B464A71BCEB47800DCB8B8 /* 3D-Touch-Quick-Actions */ = {
			isa = PBXGroup;
			children = (
				92B464A81BCEB47800DCB8B8 /* AppDelegate.swift */,
				92B464AA1BCEB47800DCB8B8 /* ViewController.swift */,
				92B464AC1BCEB47800DCB8B8 /* Main.storyboard */,
				927F7D2A1BCEF265004E4EA9 /* InfoPlist.strings */,
				92B464B41BCEB47800DCB8B8 /* Info.plist */,
				927F7D2C1BCEF545004E4EA9 /* Unrelated */,
			);
			path = "3D-Touch-Quick-Actions";
			sourceTree = "<group>";
		};
/* End PBXGroup section */

/* Begin PBXNativeTarget section */
		92B464A41BCEB47800DCB8B8 /* 3D-Touch-Quick-Actions */ = {
			isa = PBXNativeTarget;
			buildConfigurationList = 92B464B71BCEB47800DCB8B8 /* Build configuration list for PBXNativeTarget "3D-Touch-Quick-Actions" */;
			buildPhases = (
				92B464A11BCEB47800DCB8B8 /* Sources */,
				92B464A21BCEB47800DCB8B8 /* Frameworks */,
				92B464A31BCEB47800DCB8B8 /* Resources */,
			);
			buildRules = (
			);
			dependencies = (
			);
			name = "3D-Touch-Quick-Actions";
			productName = "3D-Touch-Quick-Actions";
			productReference = 92B464A51BCEB47800DCB8B8 /* 3D-Touch-Quick-Actions.app */;
			productType = "com.apple.product-type.application";
		};
/* End PBXNativeTarget section */

/* Begin PBXProject section */
		92B4649D1BCEB47800DCB8B8 /* Project object */ = {
			isa = PBXProject;
			attributes = {
				LastSwiftUpdateCheck = 0710;
				LastUpgradeCheck = 0800;
				ORGANIZATIONNAME = "Alex Zimin";
				TargetAttributes = {
					92B464A41BCEB47800DCB8B8 = {
						CreatedOnToolsVersion = 7.1;
						LastSwiftMigration = 0800;
					};
				};
			};
			buildConfigurationList = 92B464A01BCEB47800DCB8B8 /* Build configuration list for PBXProject "3D-Touch-Quick-Actions" */;
			compatibilityVersion = "Xcode 3.2";
			developmentRegion = English;
			hasScannedForEncodings = 0;
			knownRegions = (
				en,
				Base,
			);
			mainGroup = 92B4649C1BCEB47800DCB8B8;
			productRefGroup = 92B464A61BCEB47800DCB8B8 /* Products */;
			projectDirPath = "";
			projectRoot = "";
			targets = (
				92B464A41BCEB47800DCB8B8 /* 3D-Touch-Quick-Actions */,
			);
		};
/* End PBXProject section */

/* Begin PBXResourcesBuildPhase section */
		92B464A31BCEB47800DCB8B8 /* Resources */ = {
			isa = PBXResourcesBuildPhase;
			buildActionMask = 2147483647;
			files = (
				92B464B31BCEB47800DCB8B8 /* LaunchScreen.storyboard in Resources */,
				927F7D2B1BCEF265004E4EA9 /* InfoPlist.strings in Resources */,
				92B464B01BCEB47800DCB8B8 /* Assets.xcassets in Resources */,
				92B464AE1BCEB47800DCB8B8 /* Main.storyboard in Resources */,
			);
			runOnlyForDeploymentPostprocessing = 0;
		};
/* End PBXResourcesBuildPhase section */

/* Begin PBXSourcesBuildPhase section */
		92B464A11BCEB47800DCB8B8 /* Sources */ = {
			isa = PBXSourcesBuildPhase;
			buildActionMask = 2147483647;
			files = (
				92B464AB1BCEB47800DCB8B8 /* ViewController.swift in Sources */,
				92B464A91BCEB47800DCB8B8 /* AppDelegate.swift in Sources */,
			);
			runOnlyForDeploymentPostprocessing = 0;
		};
/* End PBXSourcesBuildPhase section */

/* Begin PBXVariantGroup section */
		92B464AC1BCEB47800DCB8B8 /* Main.storyboard */ = {
			isa = PBXVariantGroup;
			children = (
				92B464AD1BCEB47800DCB8B8 /* Base */,
			);
			name = Main.storyboard;
			sourceTree = "<group>";
		};
		92B464B11BCEB47800DCB8B8 /* LaunchScreen.storyboard */ = {
			isa = PBXVariantGroup;
			children = (
				92B464B21BCEB47800DCB8B8 /* Base */,
			);
			name = LaunchScreen.storyboard;
			sourceTree = "<group>";
		};
/* End PBXVariantGroup section */

/* Begin XCBuildConfiguration section */
		92B464B51BCEB47800DCB8B8 /* Debug */ = {
			isa = XCBuildConfiguration;
			buildSettings = {
				ALWAYS_SEARCH_USER_PATHS = NO;
				CLANG_CXX_LANGUAGE_STANDARD = "gnu++0x";
				CLANG_CXX_LIBRARY = "libc++";
				CLANG_ENABLE_MODULES = YES;
				CLANG_ENABLE_OBJC_ARC = YES;
				CLANG_WARN_BOOL_CONVERSION = YES;
				CLANG_WARN_CONSTANT_CONVERSION = YES;
				CLANG_WARN_DIRECT_OBJC_ISA_USAGE = YES_ERROR;
				CLANG_WARN_EMPTY_BODY = YES;
				CLANG_WARN_ENUM_CONVERSION = YES;
				CLANG_WARN_INFINITE_RECURSION = YES;
				CLANG_WARN_INT_CONVERSION = YES;
				CLANG_WARN_OBJC_ROOT_CLASS = YES_ERROR;
				CLANG_WARN_SUSPICIOUS_MOVE = YES;
				CLANG_WARN_UNREACHABLE_CODE = YES;
				CLANG_WARN__DUPLICATE_METHOD_MATCH = YES;
				"CODE_SIGN_IDENTITY[sdk=iphoneos*]" = "iPhone Developer";
				COPY_PHASE_STRIP = NO;
				DEBUG_INFORMATION_FORMAT = dwarf;
				ENABLE_STRICT_OBJC_MSGSEND = YES;
				ENABLE_TESTABILITY = YES;
				GCC_C_LANGUAGE_STANDARD = gnu99;
				GCC_DYNAMIC_NO_PIC = NO;
				GCC_NO_COMMON_BLOCKS = YES;
				GCC_OPTIMIZATION_LEVEL = 0;
				GCC_PREPROCESSOR_DEFINITIONS = (
					"DEBUG=1",
					"$(inherited)",
				);
				GCC_WARN_64_TO_32_BIT_CONVERSION = YES;
				GCC_WARN_ABOUT_RETURN_TYPE = YES_ERROR;
				GCC_WARN_UNDECLARED_SELECTOR = YES;
				GCC_WARN_UNINITIALIZED_AUTOS = YES_AGGRESSIVE;
				GCC_WARN_UNUSED_FUNCTION = YES;
				GCC_WARN_UNUSED_VARIABLE = YES;
				IPHONEOS_DEPLOYMENT_TARGET = 9.1;
				MTL_ENABLE_DEBUG_INFO = YES;
				ONLY_ACTIVE_ARCH = YES;
				SDKROOT = iphoneos;
				SWIFT_OPTIMIZATION_LEVEL = "-Onone";
			};
			name = Debug;
		};
		92B464B61BCEB47800DCB8B8 /* Release */ = {
			isa = XCBuildConfiguration;
			buildSettings = {
				ALWAYS_SEARCH_USER_PATHS = NO;
				CLANG_CXX_LANGUAGE_STANDARD = "gnu++0x";
				CLANG_CXX_LIBRARY = "libc++";
				CLANG_ENABLE_MODULES = YES;
				CLANG_ENABLE_OBJC_ARC = YES;
				CLANG_WARN_BOOL_CONVERSION = YES;
				CLANG_WARN_CONSTANT_CONVERSION = YES;
				CLANG_WARN_DIRECT_OBJC_ISA_USAGE = YES_ERROR;
				CLANG_WARN_EMPTY_BODY = YES;
				CLANG_WARN_ENUM_CONVERSION = YES;
				CLANG_WARN_INFINITE_RECURSION = YES;
				CLANG_WARN_INT_CONVERSION = YES;
				CLANG_WARN_OBJC_ROOT_CLASS = YES_ERROR;
				CLANG_WARN_SUSPICIOUS_MOVE = YES;
				CLANG_WARN_UNREACHABLE_CODE = YES;
				CLANG_WARN__DUPLICATE_METHOD_MATCH = YES;
				"CODE_SIGN_IDENTITY[sdk=iphoneos*]" = "iPhone Developer";
				COPY_PHASE_STRIP = NO;
				DEBUG_INFORMATION_FORMAT = "dwarf-with-dsym";
				ENABLE_NS_ASSERTIONS = NO;
				ENABLE_STRICT_OBJC_MSGSEND = YES;
				GCC_C_LANGUAGE_STANDARD = gnu99;
				GCC_NO_COMMON_BLOCKS = YES;
				GCC_WARN_64_TO_32_BIT_CONVERSION = YES;
				GCC_WARN_ABOUT_RETURN_TYPE = YES_ERROR;
				GCC_WARN_UNDECLARED_SELECTOR = YES;
				GCC_WARN_UNINITIALIZED_AUTOS = YES_AGGRESSIVE;
				GCC_WARN_UNUSED_FUNCTION = YES;
				GCC_WARN_UNUSED_VARIABLE = YES;
				IPHONEOS_DEPLOYMENT_TARGET = 9.1;
				MTL_ENABLE_DEBUG_INFO = NO;
				SDKROOT = iphoneos;
				SWIFT_OPTIMIZATION_LEVEL = "-Owholemodule";
				VALIDATE_PRODUCT = YES;
			};
			name = Release;
		};
		92B464B81BCEB47800DCB8B8 /* Debug */ = {
			isa = XCBuildConfiguration;
			buildSettings = {
				ASSETCATALOG_COMPILER_APPICON_NAME = AppIcon;
				DEVELOPMENT_TEAM = "";
				INFOPLIST_FILE = "3D-Touch-Quick-Actions/Info.plist";
				IPHONEOS_DEPLOYMENT_TARGET = 9.0;
				LD_RUNPATH_SEARCH_PATHS = "$(inherited) @executable_path/Frameworks";
				PRODUCT_BUNDLE_IDENTIFIER = "com.alex.-D-Touch-Quick-Actions";
				PRODUCT_NAME = "$(TARGET_NAME)";
				SWIFT_VERSION = 3.0;
			};
			name = Debug;
		};
		92B464B91BCEB47800DCB8B8 /* Release */ = {
			isa = XCBuildConfiguration;
			buildSettings = {
				ASSETCATALOG_COMPILER_APPICON_NAME = AppIcon;
				DEVELOPMENT_TEAM = "";
				INFOPLIST_FILE = "3D-Touch-Quick-Actions/Info.plist";
				IPHONEOS_DEPLOYMENT_TARGET = 9.0;
				LD_RUNPATH_SEARCH_PATHS = "$(inherited) @executable_path/Frameworks";
				PRODUCT_BUNDLE_IDENTIFIER = "com.alex.-D-Touch-Quick-Actions";
				PRODUCT_NAME = "$(TARGET_NAME)";
				SWIFT_VERSION = 3.0;
			};
			name = Release;
		};
/* End XCBuildConfiguration section */

/* Begin XCConfigurationList section */
		92B464A01BCEB47800DCB8B8 /* Build configuration list for PBXProject "3D-Touch-Quick-Actions" */ = {
			isa = XCConfigurationList;
			buildConfigurations = (
				92B464B51BCEB47800DCB8B8 /* Debug */,
				92B464B61BCEB47800DCB8B8 /* Release */,
			);
			defaultConfigurationIsVisible = 0;
			defaultConfigurationName = Release;
		};
		92B464B71BCEB47800DCB8B8 /* Build configuration list for PBXNativeTarget "3D-Touch-Quick-Actions" */ = {
			isa = XCConfigurationList;
			buildConfigurations = (
				92B464B81BCEB47800DCB8B8 /* Debug */,
				92B464B91BCEB47800DCB8B8 /* Release */,
			);
			defaultConfigurationIsVisible = 0;
			defaultConfigurationName = Release;
		};
/* End XCConfigurationList section */
	};
	rootObject = 92B4649D1BCEB47800DCB8B8 /* Project object */;
}
