// !$*UTF8*$!
{
	archiveVersion = 1;
	classes = {
	};
	objectVersion = 46;
	objects = {

/* Begin PBXBuildFile section */
		92F91FA21BCF184600407A6F /* AppDelegate.swift in Sources */ = {isa = PBXBuildFile; fileRef = 92F91FA11BCF184600407A6F /* AppDelegate.swift */; };
		92F91FA41BCF184600407A6F /* ViewController.swift in Sources */ = {isa = PBXBuildFile; fileRef = 92F91FA31BCF184600407A6F /* ViewController.swift */; };
		92F91FA71BCF184600407A6F /* Main.storyboard in Resources */ = {isa = PBXBuildFile; fileRef = 92F91FA51BCF184600407A6F /* Main.storyboard */; };
		92F91FA91BCF184600407A6F /* Assets.xcassets in Resources */ = {isa = PBXBuildFile; fileRef = 92F91FA81BCF184600407A6F /* Assets.xcassets */; };
		92F91FAC1BCF184600407A6F /* LaunchScreen.storyboard in Resources */ = {isa = PBXBuildFile; fileRef = 92F91FAA1BCF184600407A6F /* LaunchScreen.storyboard */; };
		92F91FB41BCF188700407A6F /* ColorViewController.swift in Sources */ = {isa = PBXBuildFile; fileRef = 92F91FB31BCF188700407A6F /* ColorViewController.swift */; };
/* End PBXBuildFile section */

/* Begin PBXFileReference section */
		92F91F9E1BCF184600407A6F /* 3D-Touch-Peek-And-Pop-Storyboard.app */ = {isa = PBXFileReference; explicitFileType = wrapper.application; includeInIndex = 0; path = "3D-Touch-Peek-And-Pop-Storyboard.app"; sourceTree = BUILT_PRODUCTS_DIR; };
		92F91FA11BCF184600407A6F /* AppDelegate.swift */ = {isa = PBXFileReference; lastKnownFileType = sourcecode.swift; path = AppDelegate.swift; sourceTree = "<group>"; };
		92F91FA31BCF184600407A6F /* ViewController.swift */ = {isa = PBXFileReference; lastKnownFileType = sourcecode.swift; path = ViewController.swift; sourceTree = "<group>"; };
		92F91FA61BCF184600407A6F /* Base */ = {isa = PBXFileReference; lastKnownFileType = file.storyboard; name = Base; path = Base.lproj/Main.storyboard; sourceTree = "<group>"; };
		92F91FA81BCF184600407A6F /* Assets.xcassets */ = {isa = PBXFileReference; lastKnownFileType = folder.assetcatalog; path = Assets.xcassets; sourceTree = "<group>"; };
		92F91FAB1BCF184600407A6F /* Base */ = {isa = PBXFileReference; lastKnownFileType = file.storyboard; name = Base; path = Base.lproj/LaunchScreen.storyboard; sourceTree = "<group>"; };
		92F91FAD1BCF184600407A6F /* Info.plist */ = {isa = PBXFileReference; lastKnownFileType = text.plist.xml; path = Info.plist; sourceTree = "<group>"; };
		92F91FB31BCF188700407A6F /* ColorViewController.swift */ = {isa = PBXFileReference; fileEncoding = 4; lastKnownFileType = sourcecode.swift; path = ColorViewController.swift; sourceTree = "<group>"; };
/* End PBXFileReference section */

/* Begin PBXFrameworksBuildPhase section */
		92F91F9B1BCF184600407A6F /* Frameworks */ = {
			isa = PBXFrameworksBuildPhase;
			buildActionMask = 2147483647;
			files = (
			);
			runOnlyForDeploymentPostprocessing = 0;
		};
/* End PBXFrameworksBuildPhase section */

/* Begin PBXGroup section */
		925F099F1BCF2B9A00ADCB15 /* Unrelated */ = {
			isa = PBXGroup;
			children = (
				92F91FA11BCF184600407A6F /* AppDelegate.swift */,
				92F91FA81BCF184600407A6F /* Assets.xcassets */,
				92F91FAA1BCF184600407A6F /* LaunchScreen.storyboard */,
				92F91FAD1BCF184600407A6F /* Info.plist */,
			);
			name = Unrelated;
			sourceTree = "<group>";
		};
		92F91F951BCF184600407A6F = {
			isa = PBXGroup;
			children = (
				92F91FA01BCF184600407A6F /* 3D-Touch-Peek-And-Pop-Storyboard */,
				92F91F9F1BCF184600407A6F /* Products */,
			);
			sourceTree = "<group>";
		};
		92F91F9F1BCF184600407A6F /* Products */ = {
			isa = PBXGroup;
			children = (
				92F91F9E1BCF184600407A6F /* 3D-Touch-Peek-And-Pop-Storyboard.app */,
			);
			name = Products;
			sourceTree = "<group>";
		};
		92F91FA01BCF184600407A6F /* 3D-Touch-Peek-And-Pop-Storyboard */ = {
			isa = PBXGroup;
			children = (
				92F91FA31BCF184600407A6F /* ViewController.swift */,
				92F91FB31BCF188700407A6F /* ColorViewController.swift */,
				92F91FA51BCF184600407A6F /* Main.storyboard */,
				925F099F1BCF2B9A00ADCB15 /* Unrelated */,
			);
			path = "3D-Touch-Peek-And-Pop-Storyboard";
			sourceTree = "<group>";
		};
/* End PBXGroup section */

/* Begin PBXNativeTarget section */
		92F91F9D1BCF184600407A6F /* 3D-Touch-Peek-And-Pop-Storyboard */ = {
			isa = PBXNativeTarget;
			buildConfigurationList = 92F91FB01BCF184600407A6F /* Build configuration list for PBXNativeTarget "3D-Touch-Peek-And-Pop-Storyboard" */;
			buildPhases = (
				92F91F9A1BCF184600407A6F /* Sources */,
				92F91F9B1BCF184600407A6F /* Frameworks */,
				92F91F9C1BCF184600407A6F /* Resources */,
			);
			buildRules = (
			);
			dependencies = (
			);
			name = "3D-Touch-Peek-And-Pop-Storyboard";
			productName = "3D-Touch-Peek-And-Pop-Storyboard";
			productReference = 92F91F9E1BCF184600407A6F /* 3D-Touch-Peek-And-Pop-Storyboard.app */;
			productType = "com.apple.product-type.application";
		};
/* End PBXNativeTarget section */

/* Begin PBXProject section */
		92F91F961BCF184600407A6F /* Project object */ = {
			isa = PBXProject;
			attributes = {
				LastSwiftUpdateCheck = 0710;
				LastUpgradeCheck = 0710;
				ORGANIZATIONNAME = "Alex Zimin";
				TargetAttributes = {
					92F91F9D1BCF184600407A6F = {
						CreatedOnToolsVersion = 7.1;
					};
				};
			};
			buildConfigurationList = 92F91F991BCF184600407A6F /* Build configuration list for PBXProject "3D-Touch-Peek-And-Pop-Storyboard" */;
			compatibilityVersion = "Xcode 3.2";
			developmentRegion = English;
			hasScannedForEncodings = 0;
			knownRegions = (
				en,
				Base,
			);
			mainGroup = 92F91F951BCF184600407A6F;
			productRefGroup = 92F91F9F1BCF184600407A6F /* Products */;
			projectDirPath = "";
			projectRoot = "";
			targets = (
				92F91F9D1BCF184600407A6F /* 3D-Touch-Peek-And-Pop-Storyboard */,
			);
		};
/* End PBXProject section */

/* Begin PBXResourcesBuildPhase section */
		92F91F9C1BCF184600407A6F /* Resources */ = {
			isa = PBXResourcesBuildPhase;
			buildActionMask = 2147483647;
			files = (
				92F91FAC1BCF184600407A6F /* LaunchScreen.storyboard in Resources */,
				92F91FA91BCF184600407A6F /* Assets.xcassets in Resources */,
				92F91FA71BCF184600407A6F /* Main.storyboard in Resources */,
			);
			runOnlyForDeploymentPostprocessing = 0;
		};
/* End PBXResourcesBuildPhase section */

/* Begin PBXSourcesBuildPhase section */
		92F91F9A1BCF184600407A6F /* Sources */ = {
			isa = PBXSourcesBuildPhase;
			buildActionMask = 2147483647;
			files = (
				92F91FA41BCF184600407A6F /* ViewController.swift in Sources */,
				92F91FB41BCF188700407A6F /* ColorViewController.swift in Sources */,
				92F91FA21BCF184600407A6F /* AppDelegate.swift in Sources */,
			);
			runOnlyForDeploymentPostprocessing = 0;
		};
/* End PBXSourcesBuildPhase section */

/* Begin PBXVariantGroup section */
		92F91FA51BCF184600407A6F /* Main.storyboard */ = {
			isa = PBXVariantGroup;
			children = (
				92F91FA61BCF184600407A6F /* Base */,
			);
			name = Main.storyboard;
			sourceTree = "<group>";
		};
		92F91FAA1BCF184600407A6F /* LaunchScreen.storyboard */ = {
			isa = PBXVariantGroup;
			children = (
				92F91FAB1BCF184600407A6F /* Base */,
			);
			name = LaunchScreen.storyboard;
			sourceTree = "<group>";
		};
/* End PBXVariantGroup section */

/* Begin XCBuildConfiguration section */
		92F91FAE1BCF184600407A6F /* Debug */ = {
			isa = XCBuildConfiguration;
			buildSettings = {
				ALWAYS_SEARCH_USER_PATHS = NO;
				CLANG_CXX_LANGUAGE_STANDARD = "gnu++0x";
				CLANG_CXX_LIBRARY = "libc++";
				CLANG_ENABLE_MODULES = YES;
				CLANG_ENABLE_OBJC_ARC = YES;
				CLANG_WARN_BOOL_CONVERSION = YES;
				CLANG_WARN_CONSTANT_CONVERSION = YES;
				CLANG_WARN_DIRECT_OBJC_ISA_USAGE = YES_ERROR;
				CLANG_WARN_EMPTY_BODY = YES;
				CLANG_WARN_ENUM_CONVERSION = YES;
				CLANG_WARN_INT_CONVERSION = YES;
				CLANG_WARN_OBJC_ROOT_CLASS = YES_ERROR;
				CLANG_WARN_UNREACHABLE_CODE = YES;
				CLANG_WARN__DUPLICATE_METHOD_MATCH = YES;
				"CODE_SIGN_IDENTITY[sdk=iphoneos*]" = "iPhone Developer";
				COPY_PHASE_STRIP = NO;
				DEBUG_INFORMATION_FORMAT = dwarf;
				ENABLE_STRICT_OBJC_MSGSEND = YES;
				ENABLE_TESTABILITY = YES;
				GCC_C_LANGUAGE_STANDARD = gnu99;
				GCC_DYNAMIC_NO_PIC = NO;
				GCC_NO_COMMON_BLOCKS = YES;
				GCC_OPTIMIZATION_LEVEL = 0;
				GCC_PREPROCESSOR_DEFINITIONS = (
					"DEBUG=1",
					"$(inherited)",
				);
				GCC_WARN_64_TO_32_BIT_CONVERSION = YES;
				GCC_WARN_ABOUT_RETURN_TYPE = YES_ERROR;
				GCC_WARN_UNDECLARED_SELECTOR = YES;
				GCC_WARN_UNINITIALIZED_AUTOS = YES_AGGRESSIVE;
				GCC_WARN_UNUSED_FUNCTION = YES;
				GCC_WARN_UNUSED_VARIABLE = YES;
				IPHONEOS_DEPLOYMENT_TARGET = 9.1;
				MTL_ENABLE_DEBUG_INFO = YES;
				ONLY_ACTIVE_ARCH = YES;
				SDKROOT = iphoneos;
				SWIFT_OPTIMIZATION_LEVEL = "-Onone";
			};
			name = Debug;
		};
		92F91FAF1BCF184600407A6F /* Release */ = {
			isa = XCBuildConfiguration;
			buildSettings = {
				ALWAYS_SEARCH_USER_PATHS = NO;
				CLANG_CXX_LANGUAGE_STANDARD = "gnu++0x";
				CLANG_CXX_LIBRARY = "libc++";
				CLANG_ENABLE_MODULES = YES;
				CLANG_ENABLE_OBJC_ARC = YES;
				CLANG_WARN_BOOL_CONVERSION = YES;
				CLANG_WARN_CONSTANT_CONVERSION = YES;
				CLANG_WARN_DIRECT_OBJC_ISA_USAGE = YES_ERROR;
				CLANG_WARN_EMPTY_BODY = YES;
				CLANG_WARN_ENUM_CONVERSION = YES;
				CLANG_WARN_INT_CONVERSION = YES;
				CLANG_WARN_OBJC_ROOT_CLASS = YES_ERROR;
				CLANG_WARN_UNREACHABLE_CODE = YES;
				CLANG_WARN__DUPLICATE_METHOD_MATCH = YES;
				"CODE_SIGN_IDENTITY[sdk=iphoneos*]" = "iPhone Developer";
				COPY_PHASE_STRIP = NO;
				DEBUG_INFORMATION_FORMAT = "dwarf-with-dsym";
				ENABLE_NS_ASSERTIONS = NO;
				ENABLE_STRICT_OBJC_MSGSEND = YES;
				GCC_C_LANGUAGE_STANDARD = gnu99;
				GCC_NO_COMMON_BLOCKS = YES;
				GCC_WARN_64_TO_32_BIT_CONVERSION = YES;
				GCC_WARN_ABOUT_RETURN_TYPE = YES_ERROR;
				GCC_WARN_UNDECLARED_SELECTOR = YES;
				GCC_WARN_UNINITIALIZED_AUTOS = YES_AGGRESSIVE;
				GCC_WARN_UNUSED_FUNCTION = YES;
				GCC_WARN_UNUSED_VARIABLE = YES;
				IPHONEOS_DEPLOYMENT_TARGET = 9.1;
				MTL_ENABLE_DEBUG_INFO = NO;
				SDKROOT = iphoneos;
				VALIDATE_PRODUCT = YES;
			};
			name = Release;
		};
		92F91FB11BCF184600407A6F /* Debug */ = {
			isa = XCBuildConfiguration;
			buildSettings = {
				ASSETCATALOG_COMPILER_APPICON_NAME = AppIcon;
				INFOPLIST_FILE = "3D-Touch-Peek-And-Pop-Storyboard/Info.plist";
				LD_RUNPATH_SEARCH_PATHS = "$(inherited) @executable_path/Frameworks";
				PRODUCT_BUNDLE_IDENTIFIER = "com.alex.-D-Touch-Peek-And-Pop-Storyboard";
				PRODUCT_NAME = "$(TARGET_NAME)";
			};
			name = Debug;
		};
		92F91FB21BCF184600407A6F /* Release */ = {
			isa = XCBuildConfiguration;
			buildSettings = {
				ASSETCATALOG_COMPILER_APPICON_NAME = AppIcon;
				INFOPLIST_FILE = "3D-Touch-Peek-And-Pop-Storyboard/Info.plist";
				LD_RUNPATH_SEARCH_PATHS = "$(inherited) @executable_path/Frameworks";
				PRODUCT_BUNDLE_IDENTIFIER = "com.alex.-D-Touch-Peek-And-Pop-Storyboard";
				PRODUCT_NAME = "$(TARGET_NAME)";
			};
			name = Release;
		};
/* End XCBuildConfiguration section */

/* Begin XCConfigurationList section */
		92F91F991BCF184600407A6F /* Build configuration list for PBXProject "3D-Touch-Peek-And-Pop-Storyboard" */ = {
			isa = XCConfigurationList;
			buildConfigurations = (
				92F91FAE1BCF184600407A6F /* Debug */,
				92F91FAF1BCF184600407A6F /* Release */,
			);
			defaultConfigurationIsVisible = 0;
			defaultConfigurationName = Release;
		};
		92F91FB01BCF184600407A6F /* Build configuration list for PBXNativeTarget "3D-Touch-Peek-And-Pop-Storyboard" */ = {
			isa = XCConfigurationList;
			buildConfigurations = (
				92F91FB11BCF184600407A6F /* Debug */,
				92F91FB21BCF184600407A6F /* Release */,
			);
			defaultConfigurationIsVisible = 0;
			defaultConfigurationName = Release;
		};
/* End XCConfigurationList section */
	};
	rootObject = 92F91F961BCF184600407A6F /* Project object */;
}
